
Microsoft Visual Studio Solution File, Format Version 12.00
# Visual Studio 14
VisualStudioVersion = 14.0.23107.0
MinimumVisualStudioVersion = 10.0.40219.1
Project("{FAE04EC0-301F-11D3-BF4B-00C04F79EFBC}") = "Chaper 2 - Program 4", "Chaper 2 - Program 4\Chaper 2 - Program 4.csproj", "{728329CA-E8E8-4297-A80C-F859A9F4FAE7}"
EndProject
Global
	GlobalSection(SolutionConfigurationPlatforms) = preSolution
		Debug|Any CPU = Debug|Any CPU
		Release|Any CPU = Release|Any CPU
	EndGlobalSection
	GlobalSection(ProjectConfigurationPlatforms) = postSolution
		{728329CA-E8E8-4297-A80C-F859A9F4FAE7}.Debug|Any CPU.ActiveCfg = Debug|Any CPU
		{728329CA-E8E8-4297-A80C-F859A9F4FAE7}.Debug|Any CPU.Build.0 = Debug|Any CPU
		{728329CA-E8E8-4297-A80C-F859A9F4FAE7}.Release|Any CPU.ActiveCfg = Release|Any CPU
		{728329CA-E8E8-4297-A80C-F859A9F4FAE7}.Release|Any CPU.Build.0 = Release|Any CPU
	EndGlobalSection
	GlobalSection(SolutionProperties) = preSolution
		HideSolutionNode = FALSE
	EndGlobalSection
EndGlobal
